
Microsoft Visual Studio Solution File, Format Version 12.00
# Visual Studio Version 17
VisualStudioVersion = 17.7.34024.191
MinimumVisualStudioVersion = 10.0.40219.1
Project("{FAE04EC0-301F-11D3-BF4B-00C04F79EFBC}") = "Functions", "Functions\Functions.csproj", "{933F4429-80E0-49FB-9166-7AF7A6AB1268}"
EndProject
Project("{FAE04EC0-301F-11D3-BF4B-00C04F79EFBC}") = "ArgumentsandParameters", "ArgumentsandParameters\ArgumentsandParameters.csproj", "{352CC058-0833-407F-A42E-1A602A0A7A1C}"
EndProject
Project("{FAE04EC0-301F-11D3-BF4B-00C04F79EFBC}") = "Calculator", "Calculator\Calculator.csproj", "{F9222EF5-E282-4ECA-9428-40F9E57657E5}"
EndProject
Project("{FAE04EC0-301F-11D3-BF4B-00C04F79EFBC}") = "DiscountCalculator", "DiscountCalculator\DiscountCalculator.csproj", "{D7B3D5B1-3589-4A85-94FB-51A6C4D99E01}"
EndProject
Global
	GlobalSection(SolutionConfigurationPlatforms) = preSolution
		Debug|Any CPU = Debug|Any CPU
		Release|Any CPU = Release|Any CPU
	EndGlobalSection
	GlobalSection(ProjectConfigurationPlatforms) = postSolution
		{933F4429-80E0-49FB-9166-7AF7A6AB1268}.Debug|Any CPU.ActiveCfg = Debug|Any CPU
		{933F4429-80E0-49FB-9166-7AF7A6AB1268}.Debug|Any CPU.Build.0 = Debug|Any CPU
		{933F4429-80E0-49FB-9166-7AF7A6AB1268}.Release|Any CPU.ActiveCfg = Release|Any CPU
		{933F4429-80E0-49FB-9166-7AF7A6AB1268}.Release|Any CPU.Build.0 = Release|Any CPU
		{352CC058-0833-407F-A42E-1A602A0A7A1C}.Debug|Any CPU.ActiveCfg = Debug|Any CPU
		{352CC058-0833-407F-A42E-1A602A0A7A1C}.Debug|Any CPU.Build.0 = Debug|Any CPU
		{352CC058-0833-407F-A42E-1A602A0A7A1C}.Release|Any CPU.ActiveCfg = Release|Any CPU
		{352CC058-0833-407F-A42E-1A602A0A7A1C}.Release|Any CPU.Build.0 = Release|Any CPU
		{F9222EF5-E282-4ECA-9428-40F9E57657E5}.Debug|Any CPU.ActiveCfg = Debug|Any CPU
		{F9222EF5-E282-4ECA-9428-40F9E57657E5}.Debug|Any CPU.Build.0 = Debug|Any CPU
		{F9222EF5-E282-4ECA-9428-40F9E57657E5}.Release|Any CPU.ActiveCfg = Release|Any CPU
		{F9222EF5-E282-4ECA-9428-40F9E57657E5}.Release|Any CPU.Build.0 = Release|Any CPU
		{D7B3D5B1-3589-4A85-94FB-51A6C4D99E01}.Debug|Any CPU.ActiveCfg = Debug|Any CPU
		{D7B3D5B1-3589-4A85-94FB-51A6C4D99E01}.Debug|Any CPU.Build.0 = Debug|Any CPU
		{D7B3D5B1-3589-4A85-94FB-51A6C4D99E01}.Release|Any CPU.ActiveCfg = Release|Any CPU
		{D7B3D5B1-3589-4A85-94FB-51A6C4D99E01}.Release|Any CPU.Build.0 = Release|Any CPU
	EndGlobalSection
	GlobalSection(SolutionProperties) = preSolution
		HideSolutionNode = FALSE
	EndGlobalSection
	GlobalSection(ExtensibilityGlobals) = postSolution
		SolutionGuid = {104F7D63-AFFB-499E-87F2-AC90E2540BDD}
	EndGlobalSection
EndGlobal
